
Microsoft Visual Studio Solution File, Format Version 12.00
# Visual Studio Version 17
VisualStudioVersion = 17.2.32630.192
MinimumVisualStudioVersion = 10.0.40219.1
Project("{FAE04EC0-301F-11D3-BF4B-00C04F79EFBC}") = "LabRab6", "LabRab6\LabRab6.csproj", "{A13BB9B5-915C-46DD-BF34-41E51C771EDE}"
EndProject
Global
	GlobalSection(SolutionConfigurationPlatforms) = preSolution
		Debug|Any CPU = Debug|Any CPU
		Release|Any CPU = Release|Any CPU
	EndGlobalSection
	GlobalSection(ProjectConfigurationPlatforms) = postSolution
		{A13BB9B5-915C-46DD-BF34-41E51C771EDE}.Debug|Any CPU.ActiveCfg = Debug|Any CPU
		{A13BB9B5-915C-46DD-BF34-41E51C771EDE}.Debug|Any CPU.Build.0 = Debug|Any CPU
		{A13BB9B5-915C-46DD-BF34-41E51C771EDE}.Release|Any CPU.ActiveCfg = Release|Any CPU
		{A13BB9B5-915C-46DD-BF34-41E51C771EDE}.Release|Any CPU.Build.0 = Release|Any CPU
	EndGlobalSection
	GlobalSection(SolutionProperties) = preSolution
		HideSolutionNode = FALSE
	EndGlobalSection
	GlobalSection(ExtensibilityGlobals) = postSolution
		SolutionGuid = {D4934ED4-9785-44C0-823C-C1BAC3FA61D1}
	EndGlobalSection
EndGlobal
